PODS:
  - boost-for-react-native (1.63.0)
  - DoubleConversion (1.1.6)
  - Folly (2018.10.22.00):
    - boost-for-react-native
    - DoubleConversion
    - Folly/Default (= 2018.10.22.00)
    - glog
  - Folly/Default (2018.10.22.00):
    - boost-for-react-native
    - DoubleConversion
    - glog
  - glog (0.3.5)
  - React (1000.0.0):
    - React-Core (= 1000.0.0)
    - React-DevSupport (= 1000.0.0)
    - React-RCTActionSheet (= 1000.0.0)
    - React-RCTAnimation (= 1000.0.0)
    - React-RCTBlob (= 1000.0.0)
    - React-RCTImage (= 1000.0.0)
    - React-RCTLinking (= 1000.0.0)
    - React-RCTNetwork (= 1000.0.0)
    - React-RCTSettings (= 1000.0.0)
    - React-RCTText (= 1000.0.0)
    - React-RCTVibration (= 1000.0.0)
    - React-RCTWebSocket (= 1000.0.0)
  - React-ART (1000.0.0):
    - React-Core (= 1000.0.0)
  - React-Core (1000.0.0):
    - Folly (= 2018.10.22.00)
    - React-cxxreact (= 1000.0.0)
    - React-jsiexecutor (= 1000.0.0)
    - yoga (= 1000.0.0.React)
  - React-cxxreact (1000.0.0):
    - boost-for-react-native (= 1.63.0)
    - DoubleConversion
    - Folly (= 2018.10.22.00)
    - glog
    - React-jsinspector (= 1000.0.0)
  - React-DevSupport (1000.0.0):
    - React-Core (= 1000.0.0)
    - React-RCTWebSocket (= 1000.0.0)
  - React-jscallinvoker (1000.0.0):
    - Folly (= 2018.10.22.00)
    - React-cxxreact (= 1000.0.0)
  - React-jsi (1000.0.0):
    - boost-for-react-native (= 1.63.0)
    - DoubleConversion
    - Folly (= 2018.10.22.00)
    - glog
    - React-jsi/Default (= 1000.0.0)
  - React-jsi/Default (1000.0.0):
    - boost-for-react-native (= 1.63.0)
    - DoubleConversion
    - Folly (= 2018.10.22.00)
    - glog
  - React-jsiexecutor (1000.0.0):
    - DoubleConversion
    - Folly (= 2018.10.22.00)
    - glog
    - React-cxxreact (= 1000.0.0)
    - React-jsi (= 1000.0.0)
  - React-jsinspector (1000.0.0)
  - React-RCTActionSheet (1000.0.0):
    - React-Core (= 1000.0.0)
  - React-RCTAnimation (1000.0.0):
    - React-Core (= 1000.0.0)
  - React-RCTBlob (1000.0.0):
    - React-Core (= 1000.0.0)
    - React-RCTNetwork (= 1000.0.0)
    - React-RCTWebSocket (= 1000.0.0)
  - React-RCTImage (1000.0.0):
    - React-Core (= 1000.0.0)
    - React-RCTNetwork (= 1000.0.0)
  - React-RCTLinking (1000.0.0):
    - React-Core (= 1000.0.0)
  - React-RCTNetwork (1000.0.0):
    - React-Core (= 1000.0.0)
  - React-RCTPushNotification (1000.0.0):
    - React-Core (= 1000.0.0)
  - React-RCTSettings (1000.0.0):
    - React-Core (= 1000.0.0)
  - React-RCTTest (1000.0.0):
    - React-Core (= 1000.0.0)
  - React-RCTText (1000.0.0):
    - React-Core (= 1000.0.0)
  - React-RCTVibration (1000.0.0):
    - React-Core (= 1000.0.0)
  - React-RCTWebSocket (1000.0.0):
    - React-Core (= 1000.0.0)
  - React-turbomodule-core (1000.0.0):
    - Folly (= 2018.10.22.00)
    - React-Core (= 1000.0.0)
    - React-cxxreact (= 1000.0.0)
    - React-jscallinvoker (= 1000.0.0)
    - React-jsi (= 1000.0.0)
    - React-turbomodule-core/core-ios (= 1000.0.0)
  - React-turbomodule-core/core-ios (1000.0.0):
    - Folly (= 2018.10.22.00)
    - React-Core (= 1000.0.0)
    - React-cxxreact (= 1000.0.0)
    - React-jscallinvoker (= 1000.0.0)
    - React-jsi (= 1000.0.0)
  - React-turbomodule-samples (1000.0.0):
    - Folly (= 2018.10.22.00)
    - React-Core (= 1000.0.0)
    - React-cxxreact (= 1000.0.0)
    - React-jsi (= 1000.0.0)
    - React-turbomodule-core (= 1000.0.0)
    - React-turbomodule-samples/samples-ios (= 1000.0.0)
  - React-turbomodule-samples/samples-ios (1000.0.0):
    - Folly (= 2018.10.22.00)
    - React-Core (= 1000.0.0)
    - React-cxxreact (= 1000.0.0)
    - React-jsi (= 1000.0.0)
    - React-turbomodule-core (= 1000.0.0)
  - yoga (1000.0.0.React)

DEPENDENCIES:
  - DoubleConversion (from `../third-party-podspecs/DoubleConversion.podspec`)
  - Folly (from `../third-party-podspecs/Folly.podspec`)
  - glog (from `../third-party-podspecs/glog.podspec`)
  - React (from `../`)
  - React-ART (from `../Libraries/ART`)
  - React-Core (from `../React`)
  - React-cxxreact (from `../ReactCommon/cxxreact`)
  - React-DevSupport (from `../React`)
  - React-jscallinvoker (from `../ReactCommon/jscallinvoker`)
  - React-jsi (from `../ReactCommon/jsi`)
  - React-jsiexecutor (from `../ReactCommon/jsiexecutor`)
  - React-jsinspector (from `../ReactCommon/jsinspector`)
  - React-RCTActionSheet (from `../Libraries/ActionSheetIOS`)
  - React-RCTAnimation (from `../Libraries/NativeAnimation`)
  - React-RCTBlob (from `../Libraries/Blob`)
  - React-RCTImage (from `../Libraries/Image`)
  - React-RCTLinking (from `../Libraries/LinkingIOS`)
  - React-RCTNetwork (from `../Libraries/Network`)
  - React-RCTPushNotification (from `../Libraries/PushNotificationIOS`)
  - React-RCTSettings (from `../Libraries/Settings`)
  - React-RCTTest (from `../RNTester/RCTTest`)
  - React-RCTText (from `../Libraries/Text`)
  - React-RCTVibration (from `../Libraries/Vibration`)
  - React-RCTWebSocket (from `../Libraries/WebSocket`)
  - React-turbomodule-core (from `../ReactCommon/turbomodule/core`)
  - React-turbomodule-samples (from `../ReactCommon/turbomodule/samples`)
  - yoga (from `../ReactCommon/yoga`)

SPEC REPOS:
  https://github.com/cocoapods/specs.git:
    - boost-for-react-native

EXTERNAL SOURCES:
  DoubleConversion:
    :podspec: "../third-party-podspecs/DoubleConversion.podspec"
  Folly:
    :podspec: "../third-party-podspecs/Folly.podspec"
  glog:
    :podspec: "../third-party-podspecs/glog.podspec"
  React:
    :path: "../"
  React-ART:
    :path: "../Libraries/ART"
  React-Core:
    :path: "../React"
  React-cxxreact:
    :path: "../ReactCommon/cxxreact"
  React-DevSupport:
    :path: "../React"
  React-jscallinvoker:
    :path: "../ReactCommon/jscallinvoker"
  React-jsi:
    :path: "../ReactCommon/jsi"
  React-jsiexecutor:
    :path: "../ReactCommon/jsiexecutor"
  React-jsinspector:
    :path: "../ReactCommon/jsinspector"
  React-RCTActionSheet:
    :path: "../Libraries/ActionSheetIOS"
  React-RCTAnimation:
    :path: "../Libraries/NativeAnimation"
  React-RCTBlob:
    :path: "../Libraries/Blob"
  React-RCTImage:
    :path: "../Libraries/Image"
  React-RCTLinking:
    :path: "../Libraries/LinkingIOS"
  React-RCTNetwork:
    :path: "../Libraries/Network"
  React-RCTPushNotification:
    :path: "../Libraries/PushNotificationIOS"
  React-RCTSettings:
    :path: "../Libraries/Settings"
  React-RCTTest:
    :path: "../RNTester/RCTTest"
  React-RCTText:
    :path: "../Libraries/Text"
  React-RCTVibration:
    :path: "../Libraries/Vibration"
  React-RCTWebSocket:
    :path: "../Libraries/WebSocket"
  React-turbomodule-core:
    :path: "../ReactCommon/turbomodule/core"
  React-turbomodule-samples:
    :path: "../ReactCommon/turbomodule/samples"
  yoga:
    :path: "../ReactCommon/yoga"

SPEC CHECKSUMS:
  boost-for-react-native: 39c7adb57c4e60d6c5479dd8623128eb5b3f0f2c
  DoubleConversion: 5805e889d232975c086db112ece9ed034df7a0b2
  Folly: 30e7936e1c45c08d884aa59369ed951a8e68cf51
  glog: 1f3da668190260b06b429bb211bfbee5cd790c28
  React: 30ebf0a6944137b42c858e27d84c44b381864a11
  React-ART: 69343cc7b5ebf6c9e1dc85e6d053905d72068d93
  React-Core: 142e59c1ae4b70925e2f3c22e1a9d7be6dd99e4d
  React-cxxreact: 5ca91fa4e39a03d7308e9711674eed3730fd89cb
  React-DevSupport: f2e07f6f9842248d29d5451c12f84c3f7fa4fb54
  React-jscallinvoker: 54e75bb0b0616e6a995730235496dd37d6c08aed
  React-jsi: 9af1399ad41046d1a80d33cafa91c76d934b7243
  React-jsiexecutor: ab8e2a4326bc887e1cc4827058aece8e9bd0e052
  React-jsinspector: d3aba75b776bdb14868986a1a42fc6ac83cd025d
  React-RCTActionSheet: 58e37f02af4af957d50a2c877b1f25c9827b25f7
  React-RCTAnimation: 7ddacaaee85ccdc0b576d9e828d3ca4916d02aa9
  React-RCTBlob: 4368d7f54c0a85bf4fda047a377366e85a7985ce
  React-RCTImage: e5b1b337c7a8c46e5e4fa3eee5817f5d900d7840
  React-RCTLinking: 0a41284708ea8348b09ac6010f5fc21605bb3c39
  React-RCTNetwork: bdfc4e8bf85f5bd3b91baead4137a87d07f6c747
  React-RCTPushNotification: 7ee0f6e13e972433beafdfc34879cd096353368b
  React-RCTSettings: 330f2860a1cafd2f8d55c6dcd5bed769d63f5802
  React-RCTTest: d26a1ed5a0d1a3323d785466d0354b9b5a75d96c
  React-RCTText: 151466edb3e7fcefe2c02d7f231a7166d0150a13
  React-RCTVibration: 81c73a1c6a77d6612d118acf702bfe96bfea683a
  React-RCTWebSocket: 193bcc4e0e5c05dc303c1f218b5594416c2323eb
  React-turbomodule-core: 5818fb5fc1a787d2fa470e6fa5a59131bd70ff9b
  React-turbomodule-samples: b5f58f74aa1cf917de22b5a426e19eb0b700c513
  yoga: 4e489ea285b9ed9816a56b9fecc29923099400f1

PODFILE CHECKSUM: f80718e52e381f4726bb04e4b539eb9dde2f8630

COCOAPODS: 1.7.1
