PODS:
  - boost-for-react-native (1.63.0)
  - DoubleConversion (1.1.6)
  - Folly (2018.10.22.00):
    - boost-for-react-native
    - DoubleConversion
    - Folly/Default (= 2018.10.22.00)
    - glog
  - Folly/Default (2018.10.22.00):
    - boost-for-react-native
    - DoubleConversion
    - glog
  - glog (0.3.5)
  - React (1000.0.0):
    - React-Core (= 1000.0.0)
    - React-DevSupport (= 1000.0.0)
    - React-RCTActionSheet (= 1000.0.0)
    - React-RCTAnimation (= 1000.0.0)
    - React-RCTBlob (= 1000.0.0)
    - React-RCTImage (= 1000.0.0)
    - React-RCTLinking (= 1000.0.0)
    - React-RCTNetwork (= 1000.0.0)
    - React-RCTSettings (= 1000.0.0)
    - React-RCTText (= 1000.0.0)
    - React-RCTVibration (= 1000.0.0)
    - React-RCTWebSocket (= 1000.0.0)
  - React-ART (1000.0.0):
    - React-Core (= 1000.0.0)
  - React-Core (1000.0.0):
    - Folly (= 2018.10.22.00)
    - React-cxxreact (= 1000.0.0)
    - React-jsiexecutor (= 1000.0.0)
    - yoga (= 1000.0.0.React)
  - React-cxxreact (1000.0.0):
    - boost-for-react-native (= 1.63.0)
    - DoubleConversion
    - Folly (= 2018.10.22.00)
    - glog
    - React-jsinspector (= 1000.0.0)
  - React-DevSupport (1000.0.0):
    - React-Core (= 1000.0.0)
    - React-RCTWebSocket (= 1000.0.0)
  - React-fishhook (1000.0.0)
  - React-jscallinvoker (1000.0.0):
    - Folly (= 2018.10.22.00)
    - React-cxxreact (= 1000.0.0)
  - React-jsi (1000.0.0):
    - boost-for-react-native (= 1.63.0)
    - DoubleConversion
    - Folly (= 2018.10.22.00)
    - glog
    - React-jsi/Default (= 1000.0.0)
  - React-jsi/Default (1000.0.0):
    - boost-for-react-native (= 1.63.0)
    - DoubleConversion
    - Folly (= 2018.10.22.00)
    - glog
  - React-jsiexecutor (1000.0.0):
    - DoubleConversion
    - Folly (= 2018.10.22.00)
    - glog
    - React-cxxreact (= 1000.0.0)
    - React-jsi (= 1000.0.0)
  - React-jsinspector (1000.0.0)
  - React-RCTActionSheet (1000.0.0):
    - React-Core (= 1000.0.0)
  - React-RCTAnimation (1000.0.0):
    - React-Core (= 1000.0.0)
  - React-RCTBlob (1000.0.0):
    - React-Core (= 1000.0.0)
    - React-RCTNetwork (= 1000.0.0)
    - React-RCTWebSocket (= 1000.0.0)
  - React-RCTImage (1000.0.0):
    - React-Core (= 1000.0.0)
    - React-RCTNetwork (= 1000.0.0)
  - React-RCTLinking (1000.0.0):
    - React-Core (= 1000.0.0)
  - React-RCTNetwork (1000.0.0):
    - React-Core (= 1000.0.0)
  - React-RCTPushNotification (1000.0.0):
    - React-Core (= 1000.0.0)
  - React-RCTSettings (1000.0.0):
    - React-Core (= 1000.0.0)
  - React-RCTText (1000.0.0):
    - React-Core (= 1000.0.0)
  - React-RCTVibration (1000.0.0):
    - React-Core (= 1000.0.0)
  - React-RCTWebSocket (1000.0.0):
    - React-Core (= 1000.0.0)
    - React-fishhook (= 1000.0.0)
  - React-turbomodule-core (1000.0.0):
    - Folly (= 2018.10.22.00)
    - React-Core (= 1000.0.0)
    - React-cxxreact (= 1000.0.0)
    - React-jscallinvoker (= 1000.0.0)
    - React-jsi (= 1000.0.0)
    - React-turbomodule-core/core-ios (= 1000.0.0)
  - React-turbomodule-core/core-ios (1000.0.0):
    - Folly (= 2018.10.22.00)
    - React-Core (= 1000.0.0)
    - React-cxxreact (= 1000.0.0)
    - React-jscallinvoker (= 1000.0.0)
    - React-jsi (= 1000.0.0)
  - React-turbomodule-samples (1000.0.0):
    - Folly (= 2018.10.22.00)
    - React-Core (= 1000.0.0)
    - React-cxxreact (= 1000.0.0)
    - React-jsi (= 1000.0.0)
    - React-turbomodule-core (= 1000.0.0)
    - React-turbomodule-samples/samples-ios (= 1000.0.0)
  - React-turbomodule-samples/samples-ios (1000.0.0):
    - Folly (= 2018.10.22.00)
    - React-Core (= 1000.0.0)
    - React-cxxreact (= 1000.0.0)
    - React-jsi (= 1000.0.0)
    - React-turbomodule-core (= 1000.0.0)
  - yoga (1000.0.0.React)

DEPENDENCIES:
  - DoubleConversion (from `../third-party-podspecs/DoubleConversion.podspec`)
  - Folly (from `../third-party-podspecs/Folly.podspec`)
  - glog (from `../third-party-podspecs/glog.podspec`)
  - React (from `../`)
  - React-ART (from `../Libraries/ART`)
  - React-Core (from `../React`)
  - React-cxxreact (from `../ReactCommon/cxxreact`)
  - React-DevSupport (from `../React`)
  - React-fishhook (from `../Libraries/fishhook`)
  - React-jscallinvoker (from `../ReactCommon/jscallinvoker`)
  - React-jsi (from `../ReactCommon/jsi`)
  - React-jsiexecutor (from `../ReactCommon/jsiexecutor`)
  - React-jsinspector (from `../ReactCommon/jsinspector`)
  - React-RCTActionSheet (from `../Libraries/ActionSheetIOS`)
  - React-RCTAnimation (from `../Libraries/NativeAnimation`)
  - React-RCTBlob (from `../Libraries/Blob`)
  - React-RCTImage (from `../Libraries/Image`)
  - React-RCTLinking (from `../Libraries/LinkingIOS`)
  - React-RCTNetwork (from `../Libraries/Network`)
  - React-RCTPushNotification (from `../Libraries/PushNotificationIOS`)
  - React-RCTSettings (from `../Libraries/Settings`)
  - React-RCTText (from `../Libraries/Text`)
  - React-RCTVibration (from `../Libraries/Vibration`)
  - React-RCTWebSocket (from `../Libraries/WebSocket`)
  - React-turbomodule-core (from `../ReactCommon/turbomodule/core`)
  - React-turbomodule-samples (from `../ReactCommon/turbomodule/samples`)
  - yoga (from `../ReactCommon/yoga`)

SPEC REPOS:
  https://github.com/cocoapods/specs.git:
    - boost-for-react-native

EXTERNAL SOURCES:
  DoubleConversion:
    :podspec: "../third-party-podspecs/DoubleConversion.podspec"
  Folly:
    :podspec: "../third-party-podspecs/Folly.podspec"
  glog:
    :podspec: "../third-party-podspecs/glog.podspec"
  React:
    :path: "../"
  React-ART:
    :path: "../Libraries/ART"
  React-Core:
    :path: "../React"
  React-cxxreact:
    :path: "../ReactCommon/cxxreact"
  React-DevSupport:
    :path: "../React"
  React-fishhook:
    :path: "../Libraries/fishhook"
  React-jscallinvoker:
    :path: "../ReactCommon/jscallinvoker"
  React-jsi:
    :path: "../ReactCommon/jsi"
  React-jsiexecutor:
    :path: "../ReactCommon/jsiexecutor"
  React-jsinspector:
    :path: "../ReactCommon/jsinspector"
  React-RCTActionSheet:
    :path: "../Libraries/ActionSheetIOS"
  React-RCTAnimation:
    :path: "../Libraries/NativeAnimation"
  React-RCTBlob:
    :path: "../Libraries/Blob"
  React-RCTImage:
    :path: "../Libraries/Image"
  React-RCTLinking:
    :path: "../Libraries/LinkingIOS"
  React-RCTNetwork:
    :path: "../Libraries/Network"
  React-RCTPushNotification:
    :path: "../Libraries/PushNotificationIOS"
  React-RCTSettings:
    :path: "../Libraries/Settings"
  React-RCTText:
    :path: "../Libraries/Text"
  React-RCTVibration:
    :path: "../Libraries/Vibration"
  React-RCTWebSocket:
    :path: "../Libraries/WebSocket"
  React-turbomodule-core:
    :path: "../ReactCommon/turbomodule/core"
  React-turbomodule-samples:
    :path: "../ReactCommon/turbomodule/samples"
  yoga:
    :path: "../ReactCommon/yoga"

SPEC CHECKSUMS:
  boost-for-react-native: 39c7adb57c4e60d6c5479dd8623128eb5b3f0f2c
  DoubleConversion: 5805e889d232975c086db112ece9ed034df7a0b2
  Folly: 30e7936e1c45c08d884aa59369ed951a8e68cf51
  glog: 1f3da668190260b06b429bb211bfbee5cd790c28
  React: d472ccd1d99050714cb375c82808ccfbc52bbaf8
  React-ART: d275e72395d62e12a2ed60ff16dfc05aa1733add
  React-Core: e56d02b575749c6c1be584a6035bb1f3e2a20932
  React-cxxreact: 03f7e931746aa1e12e3b47e91aeab2cdb6c58403
  React-DevSupport: 3694ebc303f10828e37d3fcec399c0e59fad3f92
  React-fishhook: 42f3c0ca3a15fe3a5e598c87f2a7391af06b5f8c
  React-jscallinvoker: 36c418305ed72bdcb7a15a4990183cbd0ed12491
  React-jsi: fed4c21d85400e1f5e85bcce548015551ae65f29
  React-jsiexecutor: b066ee382c2f8e7c69431e2457b4048792bf19dc
  React-jsinspector: 13a03b0740fc7721c5f0390c785aaae719b9e7e7
  React-RCTActionSheet: 23404a997834926c71af09b2839542d9c61d4668
  React-RCTAnimation: 5f6a222328a76011b0ce68b8517fd35e2e57f02b
  React-RCTBlob: 6356e42392d996e3db075b34b9a10676f27340ec
  React-RCTImage: 8eb09e6d7d1b60b92fe8a578e429138809df4ab1
  React-RCTLinking: 362c66ef3a08b69853ca3a35d8a407608d70e4c2
  React-RCTNetwork: 66e039d61af569c727bfcaadfbbe315c3c9519c6
  React-RCTPushNotification: 5b37e211eaecc8e4cd28aef6677490fe654c7d54
  React-RCTSettings: e83341bb48b15333a3ac04ca06960b87f5de2135
  React-RCTText: bc3fa092598333fab580230317e933a2cb22f706
  React-RCTVibration: 63b95431e11f4d4c7db65062a485a16bdbedc579
  React-RCTWebSocket: 75a8250f02290969eaeba0094c12d028df12c8b5
  React-turbomodule-core: 563450d87b4aca7ea65bcb17559ca009e1b6f12b
  React-turbomodule-samples: f846f0830032771a1ddca2d7f4ed31cee8145458
  yoga: 1daaf50c89be4c0409dff3ef44250cde9db74eae

PODFILE CHECKSUM: a79215c3ad6df8cdb56fe715f1dfe6f65d89aca6

COCOAPODS: 1.6.1
